{
  "nodes": {
    "copilot-chat-nvim": {
      "flake": false,
      "locked": {
        "lastModified": 1714537233,
        "narHash": "sha256-QFgng0WRkSGAeEMsy/0cCsdAxKg+rcF0sctDnADxmjE=",
        "owner": "CopilotC-Nvim",
        "repo": "CopilotChat.nvim",
        "rev": "40cb88b9ffe58fe45d16b859b869947062fbbcef",
        "type": "github"
      },
      "original": {
        "owner": "CopilotC-Nvim",
        "repo": "CopilotChat.nvim",
        "type": "github"
      }
    },
    "flake-utils": {
      "inputs": {
        "systems": "systems"
      },
      "locked": {
        "lastModified": 1710146030,
        "narHash": "sha256-SZ5L6eA7HJ/nmkzGG7/ISclqe6oZdOZTNoesiInkXPQ=",
        "owner": "numtide",
        "repo": "flake-utils",
        "rev": "b1d9ab70662946ef0850d488da1c9019f3a9752a",
        "type": "github"
      },
      "original": {
        "owner": "numtide",
        "repo": "flake-utils",
        "type": "github"
      }
    },
    "gx-nvim": {
      "flake": false,
      "locked": {
        "lastModified": 1714461444,
        "narHash": "sha256-VkJTgDgE12r6UgbnHU37uu4LHHaaCXlpz8aflDPVR2A=",
        "owner": "chrishrb",
        "repo": "gx.nvim",
        "rev": "ea543829d7eb36c9bf80e43d7a27bd326bb8d3ed",
        "type": "github"
      },
      "original": {
        "owner": "chrishrb",
        "repo": "gx.nvim",
        "type": "github"
      }
    },
    "nixCats": {
      "inputs": {
        "flake-utils": [
          "flake-utils"
        ],
        "nixpkgs": [
          "nixpkgs"
        ],
        "plugins-hlargs": "plugins-hlargs",
        "plugins-nvim-nio": "plugins-nvim-nio"
      },
      "locked": {
        "lastModified": 1714385861,
        "narHash": "sha256-rpZl3E2w+yriSKp8m1Je7mGSUTMseV5A+IT4MEYvCxs=",
        "owner": "BirdeeHub",
        "repo": "nixCats-nvim",
        "rev": "8c77a4e880a00e41f4d6894d8cd9223f72b00e2e",
        "type": "github"
      },
      "original": {
        "owner": "BirdeeHub",
        "repo": "nixCats-nvim",
        "type": "github"
      }
    },
    "nixpkgs": {
      "locked": {
        "lastModified": 1714809261,
        "narHash": "sha256-hfBmnYFyz9I1mdrC3tX1A+dF9cOUcds5PIMPxrT+cRk=",
        "owner": "nixos",
        "repo": "nixpkgs",
        "rev": "d32560238207b8e26d88b265207b216ee46b8450",
        "type": "github"
      },
      "original": {
        "owner": "nixos",
        "ref": "nixpkgs-unstable",
        "repo": "nixpkgs",
        "type": "github"
      }
    },
    "nvim-nio": {
      "flake": false,
      "locked": {
        "lastModified": 1714664267,
        "narHash": "sha256-VfoJOXXtMhalFcnfhVzweq7TVmB8WjRP+Z5Z5Z24Pzc=",
        "owner": "nvim-neotest",
        "repo": "nvim-nio",
        "rev": "8765cbc4d0c629c8158a5341e1b4305fd93c3a90",
        "type": "github"
      },
      "original": {
        "owner": "nvim-neotest",
        "repo": "nvim-nio",
        "type": "github"
      }
    },
    "nvim-tmux-navigation": {
      "flake": false,
      "locked": {
        "lastModified": 1707171454,
        "narHash": "sha256-CxAgQSbOrg/SsQXupwCv8cyZXIB7tkWO+Y6FDtoR8xk=",
        "owner": "alexghergh",
        "repo": "nvim-tmux-navigation",
        "rev": "4898c98702954439233fdaf764c39636681e2861",
        "type": "github"
      },
      "original": {
        "owner": "alexghergh",
        "repo": "nvim-tmux-navigation",
        "type": "github"
      }
    },
    "plugins-hlargs": {
      "flake": false,
      "locked": {
        "lastModified": 1708971273,
        "narHash": "sha256-A3EGSEMf94Xl9kczrS31tFGndFtgnS3tOoc4iz8/CxU=",
        "owner": "m-demare",
        "repo": "hlargs.nvim",
        "rev": "0f2dbf02ff948e8fc8ebe07b215f3174a12bbe3c",
        "type": "github"
      },
      "original": {
        "owner": "m-demare",
        "repo": "hlargs.nvim",
        "type": "github"
      }
    },
    "plugins-nvim-nio": {
      "flake": false,
      "locked": {
        "lastModified": 1714314660,
        "narHash": "sha256-8nvRI19RkllV+x5C5MDC4M97Q1KREdrCEpfNHQfb3FY=",
        "owner": "nvim-neotest",
        "repo": "nvim-nio",
        "rev": "7fa5545299fc7a48d5ec74d27f414b862060095f",
        "type": "github"
      },
      "original": {
        "owner": "nvim-neotest",
        "repo": "nvim-nio",
        "type": "github"
      }
    },
    "root": {
      "inputs": {
        "copilot-chat-nvim": "copilot-chat-nvim",
        "flake-utils": "flake-utils",
        "gx-nvim": "gx-nvim",
        "nixCats": "nixCats",
        "nixpkgs": "nixpkgs",
        "nvim-nio": "nvim-nio",
        "nvim-tmux-navigation": "nvim-tmux-navigation"
      }
    },
    "systems": {
      "locked": {
        "lastModified": 1681028828,
        "narHash": "sha256-Vy1rq5AaRuLzOxct8nz4T6wlgyUR7zLU309k9mBC768=",
        "owner": "nix-systems",
        "repo": "default",
        "rev": "da67096a3b9bf56a91d16901293e51ba5b49a27e",
        "type": "github"
      },
      "original": {
        "owner": "nix-systems",
        "repo": "default",
        "type": "github"
      }
    }
  },
  "root": "root",
  "version": 7
}
