{
  "nodes": {
    "copilot-chat-nvim": {
      "flake": false,
      "locked": {
        "lastModified": 1713395833,
        "narHash": "sha256-SzFRI5MfByFQZw80dv4nbmJmPUIo5o5NhNarlMueHYY=",
        "owner": "CopilotC-Nvim",
        "repo": "CopilotChat.nvim",
        "rev": "c53e41fd2f4769e3fe60c7233fbd5d5a78324f4b",
        "type": "github"
      },
      "original": {
        "owner": "CopilotC-Nvim",
        "repo": "CopilotChat.nvim",
        "type": "github"
      }
    },
    "flake-utils": {
      "inputs": {
        "systems": "systems"
      },
      "locked": {
        "lastModified": 1710146030,
        "narHash": "sha256-SZ5L6eA7HJ/nmkzGG7/ISclqe6oZdOZTNoesiInkXPQ=",
        "owner": "numtide",
        "repo": "flake-utils",
        "rev": "b1d9ab70662946ef0850d488da1c9019f3a9752a",
        "type": "github"
      },
      "original": {
        "owner": "numtide",
        "repo": "flake-utils",
        "type": "github"
      }
    },
    "gx-nvim": {
      "flake": false,
      "locked": {
        "lastModified": 1711038705,
        "narHash": "sha256-MgRAw3SAYKJ9f0k/kWDBeYIY3eX2KyDmv8mwCLh5A7g=",
        "owner": "chrishrb",
        "repo": "gx.nvim",
        "rev": "ea4cc715326a8bd060a450c24c3c9831cdee2f59",
        "type": "github"
      },
      "original": {
        "owner": "chrishrb",
        "repo": "gx.nvim",
        "type": "github"
      }
    },
    "nixCats": {
      "inputs": {
        "flake-utils": [
          "flake-utils"
        ],
        "nixpkgs": [
          "nixpkgs"
        ],
        "plugins-hlargs": "plugins-hlargs",
        "plugins-nvim-nio": "plugins-nvim-nio"
      },
      "locked": {
        "lastModified": 1713242640,
        "narHash": "sha256-1Vt5oAfFnynvZVahHCeEOe0jfQ08IlVVE+dw7hK0hhY=",
        "owner": "BirdeeHub",
        "repo": "nixCats-nvim",
        "rev": "1f902cd447b34fdf9223efd94601441c311e8518",
        "type": "github"
      },
      "original": {
        "owner": "BirdeeHub",
        "repo": "nixCats-nvim",
        "type": "github"
      }
    },
    "nixpkgs": {
      "locked": {
        "lastModified": 1713596654,
        "narHash": "sha256-LJbHQQ5aX1LVth2ST+Kkse/DRzgxlVhTL1rxthvyhZc=",
        "owner": "nixos",
        "repo": "nixpkgs",
        "rev": "fd16bb6d3bcca96039b11aa52038fafeb6e4f4be",
        "type": "github"
      },
      "original": {
        "owner": "nixos",
        "ref": "nixpkgs-unstable",
        "repo": "nixpkgs",
        "type": "github"
      }
    },
    "nvim-nio": {
      "flake": false,
      "locked": {
        "lastModified": 1712221544,
        "narHash": "sha256-ZRYclqsgAvlRBwb59XHlqVat7CxUJTH1rD6QLwh1ang=",
        "owner": "nvim-neotest",
        "repo": "nvim-nio",
        "rev": "5800f585def265d52f1d8848133217c800bcb25d",
        "type": "github"
      },
      "original": {
        "owner": "nvim-neotest",
        "repo": "nvim-nio",
        "type": "github"
      }
    },
    "nvim-tmux-navigation": {
      "flake": false,
      "locked": {
        "lastModified": 1707171454,
        "narHash": "sha256-CxAgQSbOrg/SsQXupwCv8cyZXIB7tkWO+Y6FDtoR8xk=",
        "owner": "alexghergh",
        "repo": "nvim-tmux-navigation",
        "rev": "4898c98702954439233fdaf764c39636681e2861",
        "type": "github"
      },
      "original": {
        "owner": "alexghergh",
        "repo": "nvim-tmux-navigation",
        "type": "github"
      }
    },
    "plugins-hlargs": {
      "flake": false,
      "locked": {
        "lastModified": 1708971273,
        "narHash": "sha256-A3EGSEMf94Xl9kczrS31tFGndFtgnS3tOoc4iz8/CxU=",
        "owner": "m-demare",
        "repo": "hlargs.nvim",
        "rev": "0f2dbf02ff948e8fc8ebe07b215f3174a12bbe3c",
        "type": "github"
      },
      "original": {
        "owner": "m-demare",
        "repo": "hlargs.nvim",
        "type": "github"
      }
    },
    "plugins-nvim-nio": {
      "flake": false,
      "locked": {
        "lastModified": 1712221544,
        "narHash": "sha256-ZRYclqsgAvlRBwb59XHlqVat7CxUJTH1rD6QLwh1ang=",
        "owner": "nvim-neotest",
        "repo": "nvim-nio",
        "rev": "5800f585def265d52f1d8848133217c800bcb25d",
        "type": "github"
      },
      "original": {
        "owner": "nvim-neotest",
        "repo": "nvim-nio",
        "type": "github"
      }
    },
    "root": {
      "inputs": {
        "copilot-chat-nvim": "copilot-chat-nvim",
        "flake-utils": "flake-utils",
        "gx-nvim": "gx-nvim",
        "nixCats": "nixCats",
        "nixpkgs": "nixpkgs",
        "nvim-nio": "nvim-nio",
        "nvim-tmux-navigation": "nvim-tmux-navigation"
      }
    },
    "systems": {
      "locked": {
        "lastModified": 1681028828,
        "narHash": "sha256-Vy1rq5AaRuLzOxct8nz4T6wlgyUR7zLU309k9mBC768=",
        "owner": "nix-systems",
        "repo": "default",
        "rev": "da67096a3b9bf56a91d16901293e51ba5b49a27e",
        "type": "github"
      },
      "original": {
        "owner": "nix-systems",
        "repo": "default",
        "type": "github"
      }
    }
  },
  "root": "root",
  "version": 7
}
